# This file is automatically @generated by Poetry 1.8.3 and should not be changed by hand.

[[package]]
name = "lark-parser"
version = "0.12.0"
description = "a modern parsing library"
optional = false
python-versions = "*"
files = [
    {file = "lark-parser-0.12.0.tar.gz", hash = "sha256:15967db1f1214013dca65b1180745047b9be457d73da224fcda3d9dd4e96a138"},
    {file = "lark_parser-0.12.0-py2.py3-none-any.whl", hash = "sha256:0eaf30cb5ba787fe404d73a7d6e61df97b21d5a63ac26c5008c78a494373c675"},
]

[package.extras]
atomic-cache = ["atomicwrites"]
nearley = ["js2py"]
regex = ["regex"]

[[package]]
name = "minizinc"
version = "0.9.0"
description = "Access MiniZinc directly from Python"
optional = false
python-versions = ">=3.7,<4.0"
files = [
    {file = "minizinc-0.9.0-py3-none-any.whl", hash = "sha256:cf50f0de07a93eca141d4a984dd623c0794898558ca9d22771bdf67817ae86fd"},
    {file = "minizinc-0.9.0.tar.gz", hash = "sha256:5a85d4183bc3451ed48a1f8b7589755e13f557e8701cca32ab3f33c03c9f5c5b"},
]

[package.dependencies]
lark-parser = {version = ">=0.12.0,<0.13.0", optional = true, markers = "extra == \"dzn\""}

[package.extras]
dzn = ["lark-parser (>=0.12.0,<0.13.0)"]

[metadata]
lock-version = "2.0"
python-versions = "^3.7"
content-hash = "98361a0b0d94f9fa6c4be8c3007af2db3249db7da789a9076e0a306cbcffdae7"
